{
  "projects": [
    {
      "projectId": "gmeH6XgPaBtkt51HunAo4g",
      "version": "18.28.0",
      "dependencies": {},
      "lang": "ts",
      "fileLocks": [
        {
          "assetId": "gmeH6XgPaBtkt51HunAo4g",
          "type": "projectCss",
          "checksum": "56a5d447501c0753e4cf451641894e78"
        },
        {
          "assetId": "gmeH6XgPaBtkt51HunAo4g",
          "checksum": "b257914c183ee7b8f06149f466106930",
          "type": "projectModule"
        },
        {
          "assetId": "gmeH6XgPaBtkt51HunAo4g",
          "checksum": "4b5f09b218e05c2944d99d725c0d2de2",
          "type": "styleTokensProvider"
        }
      ],
      "codegenVersion": "0.0.2"
    },
    {
      "projectId": "g7k7VCBKwQiRvJTKS17eAv",
      "version": "latest",
      "dependencies": {
        "gmeH6XgPaBtkt51HunAo4g": "18.28.0"
      },
      "lang": "ts",
      "fileLocks": [
        {
          "type": "globalVariant",
          "assetId": "a4XHSygQxQ0i",
          "checksum": "aa2e2d2b64a2a6895179873bb44d40fe"
        },
        {
          "assetId": "g7k7VCBKwQiRvJTKS17eAv",
          "checksum": "9edd50e7c30f253e7274f6f1c8abb4c0",
          "type": "projectModule"
        },
        {
          "assetId": "g7k7VCBKwQiRvJTKS17eAv",
          "checksum": "77ef1c8bddb7313a9ca4737439937de1",
          "type": "styleTokensProvider"
        },
        {
          "type": "renderModule",
          "assetId": "PYAxhlNNiBIR",
          "checksum": "5ba051d914ce7117703bbeb64adfcc91"
        },
        {
          "type": "cssRules",
          "assetId": "PYAxhlNNiBIR",
          "checksum": "5ba051d914ce7117703bbeb64adfcc91"
        },
        {
          "type": "renderModule",
          "assetId": "aJ9McLv6N_c8",
          "checksum": "581b139633bf9c646684987918121f1f"
        },
        {
          "type": "cssRules",
          "assetId": "aJ9McLv6N_c8",
          "checksum": "581b139633bf9c646684987918121f1f"
        },
        {
          "type": "renderModule",
          "assetId": "KBLe6YUCIwLs",
          "checksum": "7d627892032a939e7f3c05ccccec918f"
        },
        {
          "type": "cssRules",
          "assetId": "KBLe6YUCIwLs",
          "checksum": "7d627892032a939e7f3c05ccccec918f"
        },
        {
          "type": "renderModule",
          "assetId": "JCNQpCTo5ETB",
          "checksum": "a477d10413309bed0f9477cf6a7af4c0"
        },
        {
          "type": "cssRules",
          "assetId": "JCNQpCTo5ETB",
          "checksum": "a477d10413309bed0f9477cf6a7af4c0"
        },
        {
          "type": "renderModule",
          "assetId": "aR_XJnyDRpY7",
          "checksum": "0b68996f283a903883588e4f6349d854"
        },
        {
          "type": "cssRules",
          "assetId": "aR_XJnyDRpY7",
          "checksum": "0b68996f283a903883588e4f6349d854"
        },
        {
          "type": "renderModule",
          "assetId": "d-BgVkXqm7qV",
          "checksum": "8229030243970583304983e222c6f41d"
        },
        {
          "type": "cssRules",
          "assetId": "d-BgVkXqm7qV",
          "checksum": "8229030243970583304983e222c6f41d"
        },
        {
          "type": "renderModule",
          "assetId": "khB95mNLurUN",
          "checksum": "46c5ea4c0d1efcf4e698dd07f875cf44"
        },
        {
          "type": "cssRules",
          "assetId": "khB95mNLurUN",
          "checksum": "46c5ea4c0d1efcf4e698dd07f875cf44"
        },
        {
          "type": "renderModule",
          "assetId": "0OuU0_rXnkiZ",
          "checksum": "eaaed6949b1043ba465e9d2526c36625"
        },
        {
          "type": "cssRules",
          "assetId": "0OuU0_rXnkiZ",
          "checksum": "eaaed6949b1043ba465e9d2526c36625"
        },
        {
          "type": "renderModule",
          "assetId": "GwDp1jyLDK9Q",
          "checksum": "9b175998ae459b6520e6cf74fa17aa62"
        },
        {
          "type": "cssRules",
          "assetId": "GwDp1jyLDK9Q",
          "checksum": "9b175998ae459b6520e6cf74fa17aa62"
        },
        {
          "type": "renderModule",
          "assetId": "egVpduqPIsTv",
          "checksum": "97f9ae2ae1c4db62b9a40ec44a92e387"
        },
        {
          "type": "cssRules",
          "assetId": "egVpduqPIsTv",
          "checksum": "97f9ae2ae1c4db62b9a40ec44a92e387"
        },
        {
          "type": "renderModule",
          "assetId": "hv1BGlEgV0cJ",
          "checksum": "38af8364a3211a4b6e6ae79f86103238"
        },
        {
          "type": "cssRules",
          "assetId": "hv1BGlEgV0cJ",
          "checksum": "38af8364a3211a4b6e6ae79f86103238"
        },
        {
          "type": "renderModule",
          "assetId": "fL9x_oJhGbqg",
          "checksum": "06efdc628745c2f6c47ace375266e133"
        },
        {
          "type": "cssRules",
          "assetId": "fL9x_oJhGbqg",
          "checksum": "06efdc628745c2f6c47ace375266e133"
        },
        {
          "type": "renderModule",
          "assetId": "wLj9UmCNPNBB",
          "checksum": "61b87e1e629db3b74b4f3e80e887348b"
        },
        {
          "type": "cssRules",
          "assetId": "wLj9UmCNPNBB",
          "checksum": "61b87e1e629db3b74b4f3e80e887348b"
        },
        {
          "type": "renderModule",
          "assetId": "BRr3EwkT6wQs",
          "checksum": "a068fc3c25ff6116067d342be080c0f3"
        },
        {
          "type": "cssRules",
          "assetId": "BRr3EwkT6wQs",
          "checksum": "a068fc3c25ff6116067d342be080c0f3"
        },
        {
          "type": "renderModule",
          "assetId": "mApax7JlNwjt",
          "checksum": "912045ebf643d11ae967281b4822dc4a"
        },
        {
          "type": "cssRules",
          "assetId": "mApax7JlNwjt",
          "checksum": "912045ebf643d11ae967281b4822dc4a"
        },
        {
          "type": "renderModule",
          "assetId": "3vzt3YMSWVMq",
          "checksum": "a72c0ce453bdffc35d61216951749805"
        },
        {
          "type": "cssRules",
          "assetId": "3vzt3YMSWVMq",
          "checksum": "a72c0ce453bdffc35d61216951749805"
        },
        {
          "type": "renderModule",
          "assetId": "nLI9RQtWarOu",
          "checksum": "f09efc2f073ca3c2c101d5b228fd280d"
        },
        {
          "type": "cssRules",
          "assetId": "nLI9RQtWarOu",
          "checksum": "f09efc2f073ca3c2c101d5b228fd280d"
        },
        {
          "type": "renderModule",
          "assetId": "5fLxu9mYdxXw",
          "checksum": "1b669e6e89f883cd955b9bd2d9749bab"
        },
        {
          "type": "cssRules",
          "assetId": "5fLxu9mYdxXw",
          "checksum": "1b669e6e89f883cd955b9bd2d9749bab"
        },
        {
          "type": "renderModule",
          "assetId": "NIPOZxQ6aYha",
          "checksum": "fde1b9eb998abfb0bded9563e90eead6"
        },
        {
          "type": "cssRules",
          "assetId": "NIPOZxQ6aYha",
          "checksum": "fde1b9eb998abfb0bded9563e90eead6"
        },
        {
          "type": "renderModule",
          "assetId": "7NGpwiXLBs50",
          "checksum": "2e8295ed1c1f526f10730fe3c99a7d50"
        },
        {
          "type": "cssRules",
          "assetId": "7NGpwiXLBs50",
          "checksum": "2e8295ed1c1f526f10730fe3c99a7d50"
        },
        {
          "type": "renderModule",
          "assetId": "AJ_uA7h9FfBx",
          "checksum": "72342fc2a3ef066c42814f270d4445d5"
        },
        {
          "type": "cssRules",
          "assetId": "AJ_uA7h9FfBx",
          "checksum": "72342fc2a3ef066c42814f270d4445d5"
        },
        {
          "type": "renderModule",
          "assetId": "lpLVDnPpY_dI",
          "checksum": "4e8c10415181969a6c0d1dc4799766f2"
        },
        {
          "type": "cssRules",
          "assetId": "lpLVDnPpY_dI",
          "checksum": "4e8c10415181969a6c0d1dc4799766f2"
        },
        {
          "type": "icon",
          "assetId": "mZfjd0Vr5A3x",
          "checksum": "cfd9a94f99fe8286eea54da02162a2f9"
        },
        {
          "type": "icon",
          "assetId": "YWsrc_8qbOrR",
          "checksum": "29200546d2f50cf33328125406bee0e9"
        },
        {
          "type": "icon",
          "assetId": "pLW4wrcFxmib",
          "checksum": "953346d1a0a340768f124fccdf0ec8ac"
        },
        {
          "type": "icon",
          "assetId": "moG85qpo9ZSe",
          "checksum": "e5abf30d8a7fc20e9866089e883988e7"
        },
        {
          "type": "icon",
          "assetId": "HtOQizbO3r8R",
          "checksum": "2f9d81d50377dd49fa075bf80b7d038f"
        },
        {
          "type": "icon",
          "assetId": "PCmthhWiEhNL",
          "checksum": "082c30848682f1ede9ee08e514a8453b"
        },
        {
          "type": "icon",
          "assetId": "bHjtNOmePwYx",
          "checksum": "5d3a87b93ee44a8e323bee742bdaf6f5"
        },
        {
          "type": "icon",
          "assetId": "h59DaJdPLDqx",
          "checksum": "a70e84028a6f4f351ee66802ef7803b6"
        },
        {
          "type": "image",
          "assetId": "xxMbMP87hhKi",
          "checksum": "a1074016d3b41bc7165cffff25338830"
        },
        {
          "type": "image",
          "assetId": "Nu68PbRY_V04",
          "checksum": "d4bbf0c6180095a588426455abb0567e"
        },
        {
          "type": "image",
          "assetId": "kd1BVP2SPW7s",
          "checksum": "612db95f65cbc8185f0761a0fb3e5c7d"
        },
        {
          "type": "image",
          "assetId": "pvCtewunHn6k",
          "checksum": "9b8e2aedad4cbd362b81c7a3e071e423"
        },
        {
          "type": "image",
          "assetId": "b4C1QHr7cGdM",
          "checksum": "f7e4e1fdc48839cf1b5bb77ad13d4ca2"
        },
        {
          "type": "image",
          "assetId": "NEKA3qRqPJxO",
          "checksum": "61bef94f00d51e8911d2db513601e8c2"
        },
        {
          "type": "image",
          "assetId": "VDCX7XyXCQYU",
          "checksum": "c7fcc4cfc46b74e3902402293f973066"
        },
        {
          "type": "image",
          "assetId": "UcHbJqQNpXVz",
          "checksum": "26feca7a7f25496cb5a1b06bd1f4088e"
        },
        {
          "type": "image",
          "assetId": "LneaCfCn4IPI",
          "checksum": "ee86014a7b57fa6a5e9ad5d6953787ce"
        },
        {
          "type": "image",
          "assetId": "cM4Yz6K3S8SF",
          "checksum": "e93aa48ac9a41b34624991aa14aaa0aa"
        },
        {
          "type": "image",
          "assetId": "44jOq-mBAaJ4",
          "checksum": "36f296dc35b2fe72b5e02611fc053cbc"
        },
        {
          "type": "image",
          "assetId": "ZqgRXQw8nl32",
          "checksum": "fedfb72f203cb68ff2e948a3b562ab52"
        },
        {
          "type": "image",
          "assetId": "clcJqGX9iWML",
          "checksum": "1c4ec1efcfc5d210d951221188b028ad"
        },
        {
          "type": "image",
          "assetId": "hsi5v4h4lodY",
          "checksum": "e9769c3b8f311b927bcfff9cd2d163cd"
        },
        {
          "type": "image",
          "assetId": "aIBgyM4vieJy",
          "checksum": "d21dc95aa6c835fa6bd3941315c29104"
        },
        {
          "type": "image",
          "assetId": "btgQg6XHjPGh",
          "checksum": "09ec7490493efb4b0a7dd5f509b068f3"
        },
        {
          "type": "image",
          "assetId": "OpC-lLJpZk_q",
          "checksum": "9ac43323248ba4c5e0fa3e2a13745e38"
        },
        {
          "type": "image",
          "assetId": "k93WuYpuYXXo",
          "checksum": "c135146446d4a5b725079e4211dc2c9b"
        },
        {
          "type": "image",
          "assetId": "BcEbTQWuhMNJ",
          "checksum": "a46e8a26e22e97362014b8dc3097830d"
        },
        {
          "type": "image",
          "assetId": "SeA8bxjcjMJM",
          "checksum": "78002632880bde5529c5b18f7f3c3628"
        },
        {
          "type": "image",
          "assetId": "eg502D3okt2T",
          "checksum": "7532510e527c843cb5ff27cbb282b611"
        },
        {
          "type": "image",
          "assetId": "QCmrVe6ZWxuA",
          "checksum": "49787f8febde7849e5caba96f127f419"
        },
        {
          "type": "image",
          "assetId": "YnQ0hc7E80bz",
          "checksum": "fefc84791b537c22d979e428d8fecffa"
        },
        {
          "type": "image",
          "assetId": "3vK228n9vnIV",
          "checksum": "bd1b298eb9e66a90bb007690310c62f8"
        },
        {
          "type": "image",
          "assetId": "dEn_hByxatqT",
          "checksum": "1ecc7c582f580c880fd9a53347eb8815"
        },
        {
          "type": "image",
          "assetId": "rnVt-664A8LT",
          "checksum": "35c6e977c80c583ea0c54cb870939bfa"
        },
        {
          "type": "image",
          "assetId": "VNa80jykrv1Q",
          "checksum": "921dc5b5fb2a03dca5a5eb42fc088776"
        },
        {
          "type": "image",
          "assetId": "9ec7DPF8MSMr",
          "checksum": "6292e5fef2ffa396c62f50985289fbfb"
        },
        {
          "type": "image",
          "assetId": "3T07L_w6KNt7",
          "checksum": "cfd62c2483724112f07cd314772fb69d"
        },
        {
          "type": "image",
          "assetId": "SPWPGbTX2Nth",
          "checksum": "cdf049818cef4b1cbf7dd642c6440e21"
        },
        {
          "type": "image",
          "assetId": "3E6_QpQDYEa7",
          "checksum": "29172ff93365e50c18aa89e2612c5327"
        },
        {
          "type": "image",
          "assetId": "CiudaVUAoMQm",
          "checksum": "d7ae15e2d553a5880020c9fdf02be084"
        },
        {
          "type": "image",
          "assetId": "NblWtRbxCbdP",
          "checksum": "f0a33ce59890d64cee0e7fa342b96b6c"
        },
        {
          "type": "image",
          "assetId": "mu395BCcyWKr",
          "checksum": "ef0693193dc5ff21df6fabc27044712c"
        },
        {
          "type": "image",
          "assetId": "yGqSYnqsVTgH",
          "checksum": "246de6471fb4bbcadc4e9777f6666811"
        },
        {
          "type": "image",
          "assetId": "Y0e_J71AB9N5",
          "checksum": "61cab1e675d75bdbe525ab2a440c85c7"
        },
        {
          "type": "image",
          "assetId": "PC5bvv7Ove5b",
          "checksum": "6e9777544f90d39751f0e03e41d869d0"
        },
        {
          "type": "image",
          "assetId": "FboAYfL-u3SD",
          "checksum": "2cbd006cc8cb10816b088b0dfb893ee1"
        },
        {
          "type": "image",
          "assetId": "P_80O_Ct7ugs",
          "checksum": "ba51491a9aa9389092bb1ce6b2cdceeb"
        },
        {
          "type": "image",
          "assetId": "sexTD0hSfmAd",
          "checksum": "7a087d41ab79e1bb8aeff8aba931c5fd"
        },
        {
          "type": "image",
          "assetId": "WSqttXMtXyvU",
          "checksum": "48e4817c2087859482b5306b6ffe952d"
        },
        {
          "type": "image",
          "assetId": "cafGnLWIMmr1",
          "checksum": "c541e1729fbd0ca2ee25580aa8e1a966"
        },
        {
          "type": "image",
          "assetId": "VSW37RfaYGhd",
          "checksum": "17e9767d4d59c722bcdb7f6492521978"
        },
        {
          "type": "image",
          "assetId": "xkZ4Dvh8frlF",
          "checksum": "d7631850d9084755cb7852da067c6db1"
        },
        {
          "type": "image",
          "assetId": "LfXccrhrAzKo",
          "checksum": "3162572a4a773ae32fc60346b4f58422"
        },
        {
          "type": "image",
          "assetId": "hzmf5aSaZYl3",
          "checksum": "317f1ddf6ea21f01d6ced76841194ede"
        },
        {
          "assetId": "g7k7VCBKwQiRvJTKS17eAv",
          "type": "projectCss",
          "checksum": "24447ea1ce511c4dd0a78776afc51020"
        },
        {
          "type": "image",
          "assetId": "B5RRnLfV9LX7",
          "checksum": "c8125330bbe488bd9e571c2cfd678fa7"
        }
      ],
      "codegenVersion": "0.0.2"
    }
  ],
  "cliVersion": "0.1.347"
}
